
Microsoft Visual Studio Solution File, Format Version 12.00
# Visual Studio Version 17
VisualStudioVersion = 17.6.33829.357
MinimumVisualStudioVersion = 10.0.40219.1
Project("{FAE04EC0-301F-11D3-BF4B-00C04F79EFBC}") = "MVC_JQUERY_PRACTICE_02", "MVC_JQUERY_PRACTICE_02\MVC_JQUERY_PRACTICE_02.csproj", "{2E375054-4CFC-41EF-ADCB-0560BDAA3729}"
EndProject
Global
	GlobalSection(SolutionConfigurationPlatforms) = preSolution
		Debug|Any CPU = Debug|Any CPU
		Release|Any CPU = Release|Any CPU
	EndGlobalSection
	GlobalSection(ProjectConfigurationPlatforms) = postSolution
		{2E375054-4CFC-41EF-ADCB-0560BDAA3729}.Debug|Any CPU.ActiveCfg = Debug|Any CPU
		{2E375054-4CFC-41EF-ADCB-0560BDAA3729}.Debug|Any CPU.Build.0 = Debug|Any CPU
		{2E375054-4CFC-41EF-ADCB-0560BDAA3729}.Release|Any CPU.ActiveCfg = Release|Any CPU
		{2E375054-4CFC-41EF-ADCB-0560BDAA3729}.Release|Any CPU.Build.0 = Release|Any CPU
	EndGlobalSection
	GlobalSection(SolutionProperties) = preSolution
		HideSolutionNode = FALSE
	EndGlobalSection
	GlobalSection(ExtensibilityGlobals) = postSolution
		SolutionGuid = {3A82C389-9619-43EF-B760-68212CDED185}
	EndGlobalSection
EndGlobal
